{
  "name": "ajs3platforms.2",
  "version": "1.0.0",
  "lockfileVersion": 1,
  "requires": true,
  "dependencies": {
    "@malicious-hamsterus/ajs3platforms": {
      "version": "1.0.0",
      "resolved": "https://npm.pkg.github.com/download/@malicious-hamsterus/ajs3platforms/1.0.0/65c1dd4d365045998dfffbfef247067a996794c8e01cc813f83d7f9978d6d300",
      "integrity": "sha512-xI1L8cXzE4mwFYWCl0F4nuilgCDO7oZlqK7OIRi/VMkwLgF5d67ttbmkwTjTpAeFrZUxZWz5J139UB88pMkiZQ=="
    }
  }
}
